Microsoft Visual Studio Solution File, Format Version 12.00
# Visual Studio Version 17
VisualStudioVersion = 17.5.2.0
MinimumVisualStudioVersion = 10.0.40219.1
Project("{FAE04EC0-301F-11D3-BF4B-00C04F79EFBC}") = "ElectrodynamicsSimulations", "ElectrodynamicsSimulations.csproj", "{9F1A3134-D18E-30E0-2645-DBFD93F79639}"
EndProject
Global
	GlobalSection(SolutionConfigurationPlatforms) = preSolution
		Debug|Any CPU = Debug|Any CPU
		Release|Any CPU = Release|Any CPU
	EndGlobalSection
	GlobalSection(ProjectConfigurationPlatforms) = postSolution
		{9F1A3134-D18E-30E0-2645-DBFD93F79639}.Debug|Any CPU.ActiveCfg = Debug|Any CPU
		{9F1A3134-D18E-30E0-2645-DBFD93F79639}.Debug|Any CPU.Build.0 = Debug|Any CPU
		{9F1A3134-D18E-30E0-2645-DBFD93F79639}.Release|Any CPU.ActiveCfg = Release|Any CPU
		{9F1A3134-D18E-30E0-2645-DBFD93F79639}.Release|Any CPU.Build.0 = Release|Any CPU
	EndGlobalSection
	GlobalSection(SolutionProperties) = preSolution
		HideSolutionNode = FALSE
	EndGlobalSection
	GlobalSection(ExtensibilityGlobals) = postSolution
		SolutionGuid = {795CA53B-E336-43A7-AE5D-C0114D130566}
	EndGlobalSection
EndGlobal
